
Microsoft Visual Studio Solution File, Format Version 12.00
# Visual Studio Version 17
VisualStudioVersion = 17.5.002.0
MinimumVisualStudioVersion = 10.0.40219.1
Project("{9A19103F-16F7-4668-BE54-9A1E7A4F7556}") = "TestAnswers", "TestAnswers.csproj", "{56951D62-3665-4BC0-92EE-F997C622FC3F}"
EndProject
Global
	GlobalSection(SolutionConfigurationPlatforms) = preSolution
		Debug|Any CPU = Debug|Any CPU
		Release|Any CPU = Release|Any CPU
	EndGlobalSection
	GlobalSection(ProjectConfigurationPlatforms) = postSolution
		{56951D62-3665-4BC0-92EE-F997C622FC3F}.Debug|Any CPU.ActiveCfg = Debug|Any CPU
		{56951D62-3665-4BC0-92EE-F997C622FC3F}.Debug|Any CPU.Build.0 = Debug|Any CPU
		{56951D62-3665-4BC0-92EE-F997C622FC3F}.Release|Any CPU.ActiveCfg = Release|Any CPU
		{56951D62-3665-4BC0-92EE-F997C622FC3F}.Release|Any CPU.Build.0 = Release|Any CPU
	EndGlobalSection
	GlobalSection(SolutionProperties) = preSolution
		HideSolutionNode = FALSE
	EndGlobalSection
	GlobalSection(ExtensibilityGlobals) = postSolution
		SolutionGuid = {766D64D6-7231-47E3-9400-266F9E0502B1}
	EndGlobalSection
EndGlobal
